# Code generated by scarb DO NOT EDIT.
version = 1

[[package]]
name = "alexandria_storage"
version = "0.3.0"
source = "git+https://github.com/keep-starknet-strange/alexandria.git#ef3292bbd9b35218dea18876373a31bf7f18934e"

[[package]]
name = "openzeppelin"
version = "0.14.0"
source = "git+https://github.com/OpenZeppelin/cairo-contracts.git?tag=v0.14.0#f091c4f51ddeb10297db984acae965328c5a4e5b"

[[package]]
name = "starkdeck_contracts"
version = "0.1.0"
dependencies = [
 "alexandria_storage",
 "openzeppelin",
]
